<Solution>
  <Configurations>
    <BuildType Name="Debug_2021.1.9" />
    <BuildType Name="Debug_2023.0.0" />
    <BuildType Name="Debug_2025.0.0" />
    <BuildType Name="Release_2021.1.9" />
    <BuildType Name="Release_2023.0.0" />
    <BuildType Name="Release_2025.0.0" />
    <Platform Name="x64" />
  </Configurations>
  <Folder Name="/solutionItems/">
    <File Path=".gitattributes" />
    <File Path=".gitignore" />
    <File Path="AGENTS.md" />
    <File Path="CHANGELOG.md" />
    <File Path="CONTRIBUTING.md" />
    <File Path="Directory.Build.props" />
    <File Path="global.json" />
    <File Path="LICENSE.md" />
    <File Path="README.md" />
    <File Path="NuGet.config" />
    <File Path=".editorconfig" />
  </Folder>
  <Folder Name="/tests/">
    <Project Path="tests/Revit.TransactionMemoryCache.Tests/Revit.TransactionMemoryCache.Tests.csproj">
      <Platform Project="x64" />
    </Project>
    <Project Path="tests/Revit.TransactionMemoryCache.RevitTests/Revit.TransactionMemoryCache.RevitTests.csproj">
      <Platform Project="x64" />
    </Project>
  </Folder>
  <Folder Name="/src/">
    <Project Path="src/Revit.TransactionMemoryCache/Revit.TransactionMemoryCache.csproj">
      <Platform Project="x64" />
    </Project>
  </Folder>
  <Folder Name="/analyzers/">
    <Project Path="analyzers/Revit.TransactionMemoryCache.Analyzers/Revit.TransactionMemoryCache.Analyzers.csproj">
      <Platform Project="x64" />
    </Project>
    <Project Path="analyzers/Revit.TransactionMemoryCache.Analyzers.CodeFixes/Revit.TransactionMemoryCache.Analyzers.CodeFixes.csproj">
      <Platform Project="x64" />
    </Project>
    <Project Path="analyzers/Revit.TransactionMemoryCache.Analyzers.Tests/Revit.TransactionMemoryCache.Analyzers.Tests.csproj">
      <Platform Project="x64" />
    </Project>
  </Folder>
  <Folder Name="/docs/">
    <File Path="docs/repository.md" />
  </Folder>
  <Folder Name="/docs/policies/">
    <File Path="docs/policies/development.md" />
  </Folder>
  <Folder Name="/solutionItems/.github/workflows/">
    <File Path=".github/workflows/build-and-test.yml" />
    <File Path=".github/workflows/publish-nuget.yml" />
    <File Path=".github/workflows/repository-policy.yml" />
  </Folder>
  <Folder Name="/solutionItems/scripts/">
    <File Path="scripts/Validate-Repository.ps1" />
  </Folder>
</Solution>
